
Microsoft Visual Studio Solution File, Format Version 12.00
# Visual Studio Version 16
VisualStudioVersion = 16.0.31410.357
MinimumVisualStudioVersion = 10.0.40219.1
Project("{FAE04EC0-301F-11D3-BF4B-00C04F79EFBC}") = "AplicatieCamin", "AplicatieCamin\AplicatieCamin.csproj", "{FC8F0C83-90AF-4AE4-B361-BF9DAD7F185E}"
EndProject
Global
	GlobalSection(SolutionConfigurationPlatforms) = preSolution
		Debug|Any CPU = Debug|Any CPU
		Release|Any CPU = Release|Any CPU
	EndGlobalSection
	GlobalSection(ProjectConfigurationPlatforms) = postSolution
		{FC8F0C83-90AF-4AE4-B361-BF9DAD7F185E}.Debug|Any CPU.ActiveCfg = Debug|Any CPU
		{FC8F0C83-90AF-4AE4-B361-BF9DAD7F185E}.Debug|Any CPU.Build.0 = Debug|Any CPU
		{FC8F0C83-90AF-4AE4-B361-BF9DAD7F185E}.Release|Any CPU.ActiveCfg = Release|Any CPU
		{FC8F0C83-90AF-4AE4-B361-BF9DAD7F185E}.Release|Any CPU.Build.0 = Release|Any CPU
	EndGlobalSection
	GlobalSection(SolutionProperties) = preSolution
		HideSolutionNode = FALSE
	EndGlobalSection
	GlobalSection(ExtensibilityGlobals) = postSolution
		SolutionGuid = {4B14FC91-EFA3-47B6-B913-737E5830389C}
	EndGlobalSection
EndGlobal
